{
    "_meta": {
        "hash": {
            "sha256": "f10384d67d8a625bf72ebd2eca891ba1a81edebfdc457e6cea134b63c5d318a0"
        },
        "pipfile-spec": 6,
        "requires": {
            "python_version": "3.8"
        },
        "sources": [
            {
                "name": "pypi",
                "url": "https://pypi.org/simple",
                "verify_ssl": true
            }
        ]
    },
    "default": {
        "absl-py": {
            "hashes": [
                "sha256:72d782fbeafba66ba3e525d46bccac949b9a174dbf66233e50ece09ee688dc81",
                "sha256:ea907384af023a7e681368bedb896159ab100c7db593efbbd5cde22af11270cd"
            ],
            "version": "==0.15.0"
        },
        "astunparse": {
            "hashes": [
                "sha256:5ad93a8456f0d084c3456d059fd9a92cce667963232cbf763eac3bc5b7940872",
                "sha256:c2652417f2c8b5bb325c885ae329bdf3f86424075c4fd1a128674bc6fba4b8e8"
            ],
            "version": "==1.6.3"
        },
        "cachetools": {
            "hashes": [
                "sha256:89ea6f1b638d5a73a4f9226be57ac5e4f399d22770b92355f92dcb0f7f001693",
                "sha256:92971d3cb7d2a97efff7c7bb1657f21a8f5fb309a37530537c71b1774189f2d1"
            ],
            "markers": "python_version ~= '3.5'",
            "version": "==4.2.4"
        },
        "certifi": {
            "hashes": [
                "sha256:78884e7c1d4b00ce3cea67b44566851c4343c120abd683433ce934a68ea58872",
                "sha256:d62a0163eb4c2344ac042ab2bdf75399a71a2d8c7d47eac2e2ee91b9d6339569"
            ],
            "version": "==2021.10.8"
        },
        "charset-normalizer": {
            "hashes": [
                "sha256:876d180e9d7432c5d1dfd4c5d26b72f099d503e8fcc0feb7532c9289be60fcbd",
                "sha256:cb957888737fc0bbcd78e3df769addb41fd1ff8cf950dc9e7ad7793f1bf44455"
            ],
            "markers": "python_version >= '3'",
            "version": "==2.0.10"
        },
        "clang": {
            "hashes": [
                "sha256:b9301dff507041b5019b30ae710b78b0552c1ca1d4441b8dfa93c2e85078a5f8",
                "sha256:ceccae97eda0225a5b44d42ffd61102e248325c2865ca53e4407746464a5333a"
            ],
            "version": "==5.0"
        },
        "click": {
            "hashes": [
                "sha256:353f466495adaeb40b6b5f592f9f91cb22372351c84caeb068132442a4518ef3",
                "sha256:410e932b050f5eed773c4cda94de75971c89cdb3155a72a0831139a79e5ecb5b"
            ],
            "markers": "python_version >= '3.6'",
            "version": "==8.0.3"
        },
        "cycler": {
            "hashes": [
                "sha256:3a27e95f763a428a739d2add979fa7494c912a32c17c4c38c4d5f082cad165a3",
                "sha256:9c87405839a19696e837b3b818fed3f5f69f16f1eec1a1ad77e043dcea9c772f"
            ],
            "markers": "python_version >= '3.6'",
            "version": "==0.11.0"
        },
        "flatbuffers": {
            "hashes": [
                "sha256:63bb9a722d5e373701913e226135b28a6f6ac200d5cc7b4d919fa38d73b44610",
                "sha256:9e9ef47fa92625c4721036e7c4124182668dc6021d9e7c73704edd395648deb9"
            ],
            "version": "==1.12"
        },
        "gast": {
            "hashes": [
                "sha256:40feb7b8b8434785585ab224d1568b857edb18297e5a3047f1ba012bc83b42c1",
                "sha256:b7adcdd5adbebf1adf17378da5ba3f543684dbec47b1cda1f3997e573cd542c4"
            ],
            "markers": "python_version >= '2.7' and python_version not in '3.0, 3.1, 3.2, 3.3'",
            "version": "==0.4.0"
        },
        "google-auth": {
            "hashes": [
                "sha256:a348a50b027679cb7dae98043ac8dbcc1d7951f06d8387496071a1e05a2465c0",
                "sha256:d83570a664c10b97a1dc6f8df87e5fdfff012f48f62be131e449c20dfc32630e"
            ],
            "markers": "python_version >= '2.7' and python_version not in '3.0, 3.1, 3.2, 3.3, 3.4, 3.5'",
            "version": "==2.3.3"
        },
        "google-auth-oauthlib": {
            "hashes": [
                "sha256:3f2a6e802eebbb6fb736a370fbf3b055edcb6b52878bf2f26330b5e041316c73",
                "sha256:a90a072f6993f2c327067bf65270046384cda5a8ecb20b94ea9a687f1f233a7a"
            ],
            "markers": "python_version >= '3.6'",
            "version": "==0.4.6"
        },
        "google-pasta": {
            "hashes": [
                "sha256:4612951da876b1a10fe3960d7226f0c7682cf901e16ac06e473b267a5afa8954",
                "sha256:b32482794a366b5366a32c92a9a9201b107821889935a02b3e51f6b432ea84ed",
                "sha256:c9f2c8dfc8f96d0d5808299920721be30c9eec37f2389f28904f454565c8a16e"
            ],
            "version": "==0.2.0"
        },
        "grpcio": {
            "hashes": [
                "sha256:0110310eff07bb69782f53b7a947490268c4645de559034c43c0a635612e250f",
                "sha256:01f4b887ed703fe82ebe613e1d2dadea517891725e17e7a6134dcd00352bd28c",
                "sha256:04239e8f71db832c26bbbedb4537b37550a39d77681d748ab4678e58dd6455d6",
                "sha256:08cf25f2936629db062aeddbb594bd76b3383ab0ede75ef0461a3b0bc3a2c150",
                "sha256:0aa8285f284338eb68962fe1a830291db06f366ea12f213399b520c062b01f65",
                "sha256:0e731f660e1e68238f56f4ce11156f02fd06dc58bc7834778d42c0081d4ef5ad",
                "sha256:0edbfeb6729aa9da33ce7e28fb7703b3754934115454ae45e8cc1db601756fd3",
                "sha256:124e718faf96fe44c98b05f3f475076be8b5198bb4c52a13208acf88a8548ba9",
                "sha256:138f57e3445d4a48d9a8a5af1538fdaafaa50a0a3c243f281d8df0edf221dc02",
                "sha256:17b75f220ee6923338155b4fcef4c38802b9a57bc57d112c9599a13a03e99f8d",
                "sha256:1898f999383baac5fcdbdef8ea5b1ef204f38dc211014eb6977ac6e55944d738",
                "sha256:1f16725a320460435a8a5339d8b06c4e00d307ab5ad56746af2e22b5f9c50932",
                "sha256:2f96142d0abc91290a63ba203f01649e498302b1b6007c67bad17f823ecde0cf",
                "sha256:31e6e489ccd8f08884b9349a39610982df48535881ec34f05a11c6e6b6ebf9d0",
                "sha256:45401d00f2ee46bde75618bf33e9df960daa7980e6e0e7328047191918c98504",
                "sha256:47b6821238d8978014d23b1132713dac6c2d72cbb561cf257608b1673894f90a",
                "sha256:4b4a7152187a49767a47d1413edde2304c96f41f7bc92cc512e230dfd0fba095",
                "sha256:50cfb7e1067ee5e00b8ab100a6b7ea322d37ec6672c0455106520b5891c4b5f5",
                "sha256:5449ae564349e7a738b8c38583c0aad954b0d5d1dd3cea68953bfc32eaee11e3",
                "sha256:577e024c8dd5f27cd98ba850bc4e890f07d4b5942e5bc059a3d88843a2f48f66",
                "sha256:57f1aeb65ed17dfb2f6cd717cc109910fe395133af7257a9c729c0b9604eac10",
                "sha256:594aaa0469f4fca7773e80d8c27bf1298e7bbce5f6da0f084b07489a708f16ab",
                "sha256:6620a5b751b099b3b25553cfc03dfcd873cda06f9bb2ff7e9948ac7090e20f05",
                "sha256:6e463b4aa0a6b31cf2e57c4abc1a1b53531a18a570baeed39d8d7b65deb16b7e",
                "sha256:735d9a437c262ab039d02defddcb9f8f545d7009ae61c0114e19dda3843febe5",
                "sha256:772b943f34374744f70236bbbe0afe413ed80f9ae6303503f85e2b421d4bca92",
                "sha256:77ef653f966934b3bfdd00e4f2064b68880eb40cf09b0b99edfa5ee22a44f559",
                "sha256:80398e9fb598060fa41050d1220f5a2440fe74ff082c36dda41ac3215ebb5ddd",
                "sha256:8b2b9dc4d7897566723b77422e11c009a0ebd397966b165b21b89a62891a9fdf",
                "sha256:a4b4543e13acb4806917d883d0f70f21ba93b29672ea81f4aaba14821aaf9bb0",
                "sha256:a4e786a8ee8b30b25d70ee52cda6d1dbba2a8ca2f1208d8e20ed8280774f15c8",
                "sha256:ade8b79a6b6aea68adb9d4bfeba5d647667d842202c5d8f3ba37ac1dc8e5c09c",
                "sha256:af78ac55933811e6a25141336b1f2d5e0659c2f568d44d20539b273792563ca7",
                "sha256:af9c3742f6c13575c0d4147a8454da0ff5308c4d9469462ff18402c6416942fe",
                "sha256:b8cc936a29c65ab39714e1ba67a694c41218f98b6e2a64efb83f04d9abc4386b",
                "sha256:bdf41550815a831384d21a498b20597417fd31bd084deb17d31ceb39ad9acc79",
                "sha256:c354017819201053d65212befd1dcb65c2d91b704d8977e696bae79c47cd2f82",
                "sha256:c36f418c925a41fccada8f7ae9a3d3e227bfa837ddbfddd3d8b0ac252d12dda9",
                "sha256:cbc9b83211d905859dcf234ad39d7193ff0f05bfc3269c364fb0d114ee71de59",
                "sha256:e95b5d62ec26d0cd0b90c202d73e7cb927c369c3358e027225239a4e354967dc",
                "sha256:f11d05402e0ac3a284443d8a432d3dfc76a6bd3f7b5858cddd75617af2d7bd9b",
                "sha256:fa26a8bbb3fe57845acb1329ff700d5c7eaf06414c3e15f4cb8923f3a466ef64",
                "sha256:fb7229fa2a201a0c377ff3283174ec966da8f9fd7ffcc9a92f162d2e7fc9025b",
                "sha256:fdac966699707b5554b815acc272d81e619dd0999f187cd52a61aef075f870ee"
            ],
            "markers": "python_version >= '3.6'",
            "version": "==1.43.0"
        },
        "h5py": {
            "hashes": [
                "sha256:02c391fdb980762a1cc03a4bcaecd03dc463994a9a63a02264830114a96e111f",
                "sha256:1cd367f89a5441236bdbb795e9fb9a9e3424929c00b4a54254ca760437f83d69",
                "sha256:1cdfd1c5449ca1329d152f0b66830e93226ebce4f5e07dd8dc16bfc2b1a49d7b",
                "sha256:1e2516f190652beedcb8c7acfa1c6fa92d99b42331cbef5e5c7ec2d65b0fc3c2",
                "sha256:236ac8d943be30b617ab615c3d4a4bf4a438add2be87e54af3687ab721a18fac",
                "sha256:2e37352ddfcf9d77a2a47f7c8f7e125c6d20cc06c2995edeb7be222d4e152636",
                "sha256:80c623be10479e81b64fa713b7ed4c0bbe9f02e8e7d2a2e5382336087b615ce4",
                "sha256:ba71f6229d2013fbb606476ecc29c6223fc16b244d35fcd8566ad9dbaf910857",
                "sha256:cb74df83709d6d03d11e60b9480812f58da34f194beafa8c8314dbbeeedfe0a6",
                "sha256:dccb89358bc84abcd711363c3e138f9f4eccfdf866f2139a8e72308328765b2c",
                "sha256:e33f61d3eb862614c0f273a1f993a64dc2f093e1a3094932c50ada9d2db2170f",
                "sha256:f89a3dae38843ffa49d17a31a3509a8129e9b46ece602a0138e1ed79e685c361",
                "sha256:fea05349f63625a8fb808e57e42bb4c76930cf5d50ac58b678c52f913a48a89b"
            ],
            "markers": "python_version >= '3.6'",
            "version": "==3.1.0"
        },
        "idna": {
            "hashes": [
                "sha256:84d9dd047ffa80596e0f246e2eab0b391788b0503584e8945f2368256d2735ff",
                "sha256:9d643ff0a55b762d5cdb124b8eaa99c66322e2157b69160bc32796e824360e6d"
            ],
            "markers": "python_version >= '3'",
            "version": "==3.3"
        },
        "importlib-metadata": {
            "hashes": [
                "sha256:92a8b58ce734b2a4494878e0ecf7d79ccd7a128b5fc6014c401e0b61f006f0f6",
                "sha256:b7cf7d3fef75f1e4c80a96ca660efbd51473d7e8f39b5ab9210febc7809012a4"
            ],
            "markers": "python_version < '3.10'",
            "version": "==4.10.0"
        },
        "kaggle": {
            "hashes": [
                "sha256:b4d87d107bff743aaa805c2b382c3661c4c175cdb159656d4972be2a9cef42cb"
            ],
            "version": "==1.5.12"
        },
        "keras": {
            "hashes": [
                "sha256:0c33ae1f728064ca0d35dfba999e9c316f03623bf5688c82fb83cc74a80ea248"
            ],
            "version": "==2.7.0"
        },
        "keras-preprocessing": {
            "hashes": [
                "sha256:7b82029b130ff61cc99b55f3bd27427df4838576838c5b2f65940e4fcec99a7b",
                "sha256:add82567c50c8bc648c14195bf544a5ce7c1f76761536956c3d2978970179ef3"
            ],
            "version": "==1.1.2"
        },
        "kiwisolver": {
            "hashes": [
                "sha256:0007840186bacfaa0aba4466d5890334ea5938e0bb7e28078a0eb0e63b5b59d5",
                "sha256:19554bd8d54cf41139f376753af1a644b63c9ca93f8f72009d50a2080f870f77",
                "sha256:1d45d1c74f88b9f41062716c727f78f2a59a5476ecbe74956fafb423c5c87a76",
                "sha256:1d819553730d3c2724582124aee8a03c846ec4362ded1034c16fb3ef309264e6",
                "sha256:2210f28778c7d2ee13f3c2a20a3a22db889e75f4ec13a21072eabb5693801e84",
                "sha256:22521219ca739654a296eea6d4367703558fba16f98688bd8ce65abff36eaa84",
                "sha256:25405f88a37c5f5bcba01c6e350086d65e7465fd1caaf986333d2a045045a223",
                "sha256:2b65bd35f3e06a47b5c30ea99e0c2b88f72c6476eedaf8cfbc8e66adb5479dcf",
                "sha256:2ddb500a2808c100e72c075cbb00bf32e62763c82b6a882d403f01a119e3f402",
                "sha256:2f8f6c8f4f1cff93ca5058d6ec5f0efda922ecb3f4c5fb76181f327decff98b8",
                "sha256:30fa008c172355c7768159983a7270cb23838c4d7db73d6c0f6b60dde0d432c6",
                "sha256:3dbb3cea20b4af4f49f84cffaf45dd5f88e8594d18568e0225e6ad9dec0e7967",
                "sha256:4116ba9a58109ed5e4cb315bdcbff9838f3159d099ba5259c7c7fb77f8537492",
                "sha256:44e6adf67577dbdfa2d9f06db9fbc5639afefdb5bf2b4dfec25c3a7fbc619536",
                "sha256:5326ddfacbe51abf9469fe668944bc2e399181a2158cb5d45e1d40856b2a0589",
                "sha256:70adc3658138bc77a36ce769f5f183169bc0a2906a4f61f09673f7181255ac9b",
                "sha256:72be6ebb4e92520b9726d7146bc9c9b277513a57a38efcf66db0620aec0097e0",
                "sha256:7843b1624d6ccca403a610d1277f7c28ad184c5aa88a1750c1a999754e65b439",
                "sha256:7ba5a1041480c6e0a8b11a9544d53562abc2d19220bfa14133e0cdd9967e97af",
                "sha256:80efd202108c3a4150e042b269f7c78643420cc232a0a771743bb96b742f838f",
                "sha256:82f49c5a79d3839bc8f38cb5f4bfc87e15f04cbafa5fbd12fb32c941cb529cfb",
                "sha256:83d2c9db5dfc537d0171e32de160461230eb14663299b7e6d18ca6dca21e4977",
                "sha256:8d93a1095f83e908fc253f2fb569c2711414c0bfd451cab580466465b235b470",
                "sha256:8dc3d842fa41a33fe83d9f5c66c0cc1f28756530cd89944b63b072281e852031",
                "sha256:9661a04ca3c950a8ac8c47f53cbc0b530bce1b52f516a1e87b7736fec24bfff0",
                "sha256:a498bcd005e8a3fedd0022bb30ee0ad92728154a8798b703f394484452550507",
                "sha256:a7a4cf5bbdc861987a7745aed7a536c6405256853c94abc9f3287c3fa401b174",
                "sha256:b5074fb09429f2b7bc82b6fb4be8645dcbac14e592128beeff5461dcde0af09f",
                "sha256:b6a5431940f28b6de123de42f0eb47b84a073ee3c3345dc109ad550a3307dd28",
                "sha256:ba677bcaff9429fd1bf01648ad0901cea56c0d068df383d5f5856d88221fe75b",
                "sha256:bcadb05c3d4794eb9eee1dddf1c24215c92fb7b55a80beae7a60530a91060560",
                "sha256:bf7eb45d14fc036514c09554bf983f2a72323254912ed0c3c8e697b62c4c158f",
                "sha256:c358721aebd40c243894298f685a19eb0491a5c3e0b923b9f887ef1193ddf829",
                "sha256:c4550a359c5157aaf8507e6820d98682872b9100ce7607f8aa070b4b8af6c298",
                "sha256:c6572c2dab23c86a14e82c245473d45b4c515314f1f859e92608dcafbd2f19b8",
                "sha256:cba430db673c29376135e695c6e2501c44c256a81495da849e85d1793ee975ad",
                "sha256:dedc71c8eb9c5096037766390172c34fb86ef048b8e8958b4e484b9e505d66bc",
                "sha256:e6f5eb2f53fac7d408a45fbcdeda7224b1cfff64919d0f95473420a931347ae9",
                "sha256:ec2eba188c1906b05b9b49ae55aae4efd8150c61ba450e6721f64620c50b59eb",
                "sha256:ee040a7de8d295dbd261ef2d6d3192f13e2b08ec4a954de34a6fb8ff6422e24c",
                "sha256:eedd3b59190885d1ebdf6c5e0ca56828beb1949b4dfe6e5d0256a461429ac386",
                "sha256:f441422bb313ab25de7b3dbfd388e790eceb76ce01a18199ec4944b369017009",
                "sha256:f8eb7b6716f5b50e9c06207a14172cf2de201e41912ebe732846c02c830455b9",
                "sha256:fc4453705b81d03568d5b808ad8f09c77c47534f6ac2e72e733f9ca4714aa75c"
            ],
            "markers": "python_version >= '3.7'",
            "version": "==1.3.2"
        },
        "markdown": {
            "hashes": [
                "sha256:76df8ae32294ec39dcf89340382882dfa12975f87f45c3ed1ecdb1e8cefc7006",
                "sha256:9923332318f843411e9932237530df53162e29dc7a4e2b91e35764583c46c9a3"
            ],
            "markers": "python_version >= '3.6'",
            "version": "==3.3.6"
        },
        "matplotlib": {
            "hashes": [
                "sha256:01c9de93a2ca0d128c9064f23709362e7fefb34910c7c9e0b8ab0de8258d5eda",
                "sha256:41b6e307458988891fcdea2d8ecf84a8c92d53f84190aa32da65f9505546e684",
                "sha256:48e1e0859b54d5f2e29bb78ca179fd59b971c6ceb29977fb52735bfd280eb0f5",
                "sha256:54a026055d5f8614f184e588f6e29064019a0aa8448450214c0b60926d62d919",
                "sha256:556965514b259204637c360d213de28d43a1f4aed1eca15596ce83f768c5a56f",
                "sha256:5c988bb43414c7c2b0a31bd5187b4d27fd625c080371b463a6d422047df78913",
                "sha256:6a724e3a48a54b8b6e7c4ae38cd3d07084508fa47c410c8757e9db9791421838",
                "sha256:6be8df61b1626e1a142c57e065405e869e9429b4a6dab4a324757d0dc4d42235",
                "sha256:844a7b0233e4ff7fba57e90b8799edaa40b9e31e300b8d5efc350937fa8b1bea",
                "sha256:85f0c9cf724715e75243a7b3087cf4a3de056b55e05d4d76cc58d610d62894f3",
                "sha256:a78a3b51f29448c7f4d4575e561f6b0dbb8d01c13c2046ab6c5220eb25c06506",
                "sha256:b884715a59fec9ad3b6048ecf3860f3b2ce965e676ef52593d6fa29abcf7d330",
                "sha256:b8b53f336a4688cfce615887505d7e41fd79b3594bf21dd300531a4f5b4f746a",
                "sha256:c70b6311dda3e27672f1bf48851a0de816d1ca6aaf3d49365fbdd8e959b33d2b",
                "sha256:ebfb01a65c3f5d53a8c2a8133fec2b5221281c053d944ae81ff5822a68266617",
                "sha256:eeb1859efe7754b1460e1d4991bbd4a60a56f366bc422ef3a9c5ae05f0bc70b5",
                "sha256:f15edcb0629a0801738925fe27070480f446fcaa15de65946ff946ad99a59a40",
                "sha256:f1c5efc278d996af8a251b2ce0b07bbeccb821f25c8c9846bdcb00ffc7f158aa",
                "sha256:f72657f1596199dc1e4e7a10f52a4784ead8a711f4e5b59bea95bdb97cf0e4fd",
                "sha256:fc4f526dfdb31c9bd6b8ca06bf9fab663ca12f3ec9cdf4496fb44bc680140318",
                "sha256:fcd6f1954943c0c192bfbebbac263f839d7055409f1173f80d8b11a224d236da"
            ],
            "index": "pypi",
            "version": "==3.4.3"
        },
        "numpy": {
            "hashes": [
                "sha256:012426a41bc9ab63bb158635aecccc7610e3eff5d31d1eb43bc099debc979d94",
                "sha256:06fab248a088e439402141ea04f0fffb203723148f6ee791e9c75b3e9e82f080",
                "sha256:0eef32ca3132a48e43f6a0f5a82cb508f22ce5a3d6f67a8329c81c8e226d3f6e",
                "sha256:1ded4fce9cfaaf24e7a0ab51b7a87be9038ea1ace7f34b841fe3b6894c721d1c",
                "sha256:2e55195bc1c6b705bfd8ad6f288b38b11b1af32f3c8289d6c50d47f950c12e76",
                "sha256:2ea52bd92ab9f768cc64a4c3ef8f4b2580a17af0a5436f6126b08efbd1838371",
                "sha256:36674959eed6957e61f11c912f71e78857a8d0604171dfd9ce9ad5cbf41c511c",
                "sha256:384ec0463d1c2671170901994aeb6dce126de0a95ccc3976c43b0038a37329c2",
                "sha256:39b70c19ec771805081578cc936bbe95336798b7edf4732ed102e7a43ec5c07a",
                "sha256:400580cbd3cff6ffa6293df2278c75aef2d58d8d93d3c5614cd67981dae68ceb",
                "sha256:43d4c81d5ffdff6bae58d66a3cd7f54a7acd9a0e7b18d97abb255defc09e3140",
                "sha256:50a4a0ad0111cc1b71fa32dedd05fa239f7fb5a43a40663269bb5dc7877cfd28",
                "sha256:603aa0706be710eea8884af807b1b3bc9fb2e49b9f4da439e76000f3b3c6ff0f",
                "sha256:6149a185cece5ee78d1d196938b2a8f9d09f5a5ebfbba66969302a778d5ddd1d",
                "sha256:759e4095edc3c1b3ac031f34d9459fa781777a93ccc633a472a5468587a190ff",
                "sha256:7fb43004bce0ca31d8f13a6eb5e943fa73371381e53f7074ed21a4cb786c32f8",
                "sha256:811daee36a58dc79cf3d8bdd4a490e4277d0e4b7d103a001a4e73ddb48e7e6aa",
                "sha256:8b5e972b43c8fc27d56550b4120fe6257fdc15f9301914380b27f74856299fea",
                "sha256:99abf4f353c3d1a0c7a5f27699482c987cf663b1eac20db59b8c7b061eabd7fc",
                "sha256:a0d53e51a6cb6f0d9082decb7a4cb6dfb33055308c4c44f53103c073f649af73",
                "sha256:a12ff4c8ddfee61f90a1633a4c4afd3f7bcb32b11c52026c92a12e1325922d0d",
                "sha256:a4646724fba402aa7504cd48b4b50e783296b5e10a524c7a6da62e4a8ac9698d",
                "sha256:a76f502430dd98d7546e1ea2250a7360c065a5fdea52b2dffe8ae7180909b6f4",
                "sha256:a9d17f2be3b427fbb2bce61e596cf555d6f8a56c222bd2ca148baeeb5e5c783c",
                "sha256:ab83f24d5c52d60dbc8cd0528759532736b56db58adaa7b5f1f76ad551416a1e",
                "sha256:aeb9ed923be74e659984e321f609b9ba54a48354bfd168d21a2b072ed1e833ea",
                "sha256:c843b3f50d1ab7361ca4f0b3639bf691569493a56808a0b0c54a051d260b7dbd",
                "sha256:cae865b1cae1ec2663d8ea56ef6ff185bad091a5e33ebbadd98de2cfa3fa668f",
                "sha256:cc6bd4fd593cb261332568485e20a0712883cf631f6f5e8e86a52caa8b2b50ff",
                "sha256:cf2402002d3d9f91c8b01e66fbb436a4ed01c6498fffed0e4c7566da1d40ee1e",
                "sha256:d051ec1c64b85ecc69531e1137bb9751c6830772ee5c1c426dbcfe98ef5788d7",
                "sha256:d6631f2e867676b13026e2846180e2c13c1e11289d67da08d71cacb2cd93d4aa",
                "sha256:dbd18bcf4889b720ba13a27ec2f2aac1981bd41203b3a3b27ba7a33f88ae4827",
                "sha256:df609c82f18c5b9f6cb97271f03315ff0dbe481a2a02e56aeb1b1a985ce38e60"
            ],
            "index": "pypi",
            "version": "==1.19.5"
        },
        "oauthlib": {
            "hashes": [
                "sha256:42bf6354c2ed8c6acb54d971fce6f88193d97297e18602a3a886603f9d7730cc",
                "sha256:8f0215fcc533dd8dd1bee6f4c412d4f0cd7297307d43ac61666389e3bc3198a3"
            ],
            "markers": "python_version >= '3.6'",
            "version": "==3.1.1"
        },
        "opendatasets": {
            "hashes": [
                "sha256:0b7b01301310039f2598342f79755bbd8a1f44211c297a43ad7141bbe7970862",
                "sha256:7dc178af87f46e4a4d356e1fa57b9c4ec568e9b2a5f8fbbe28a2a9d8d6c126dd"
            ],
            "index": "pypi",
            "version": "==0.1.20"
        },
        "opt-einsum": {
            "hashes": [
                "sha256:2455e59e3947d3c275477df7f5205b30635e266fe6dc300e3d9f9646bfcea147",
                "sha256:59f6475f77bbc37dcf7cd748519c0ec60722e91e63ca114e68821c0c54a46549"
            ],
            "markers": "python_version >= '3.5'",
            "version": "==3.3.0"
        },
        "pandas": {
            "hashes": [
                "sha256:272c8cb14aa9793eada6b1ebe81994616e647b5892a370c7135efb2924b701df",
                "sha256:3334a5a9eeaca953b9db1b2b165dcdc5180b5011f3bec3a57a3580c9c22eae68",
                "sha256:37d63e78e87eb3791da7be4100a65da0383670c2b59e493d9e73098d7a879226",
                "sha256:3f5020613c1d8e304840c34aeb171377dc755521bf5e69804991030c2a48aec3",
                "sha256:45649503e167d45360aa7c52f18d1591a6d5c70d2f3a26bc90a3297a30ce9a66",
                "sha256:49fd2889d8116d7acef0709e4c82b8560a8b22b0f77471391d12c27596e90267",
                "sha256:4def2ef2fb7fcd62f2aa51bacb817ee9029e5c8efe42fe527ba21f6a3ddf1a9f",
                "sha256:53e2fb11f86f6253bb1df26e3aeab3bf2e000aaa32a953ec394571bec5dc6fd6",
                "sha256:629138b7cf81a2e55aa29ce7b04c1cece20485271d1f6c469c6a0c03857db6a4",
                "sha256:68408a39a54ebadb9014ee5a4fae27b2fe524317bc80adf56c9ac59e8f8ea431",
                "sha256:7326b37de08d42dd3fff5b7ef7691d0fd0bf2428f4ba5a2bdc3b3247e9a52e4c",
                "sha256:7557b39c8e86eb0543a17a002ac1ea0f38911c3c17095bc9350d0a65b32d801c",
                "sha256:86b16b1b920c4cb27fdd65a2c20258bcd9c794be491290660722bb0ea765054d",
                "sha256:a800df4e101b721e94d04c355e611863cc31887f24c0b019572e26518cbbcab6",
                "sha256:a9f1b54d7efc9df05320b14a48fb18686f781aa66cc7b47bb62fabfc67a0985c",
                "sha256:c399200631db9bd9335d013ec7fce4edb98651035c249d532945c78ad453f23a",
                "sha256:e574c2637c9d27f322e911650b36e858c885702c5996eda8a5a60e35e6648cf2",
                "sha256:e9bc59855598cb57f68fdabd4897d3ed2bc3a3b3bef7b868a0153c4cd03f3207",
                "sha256:ebbed7312547a924df0cbe133ff1250eeb94cdff3c09a794dc991c5621c8c735",
                "sha256:ed2f29b4da6f6ae7c68f4b3708d9d9e59fa89b2f9e87c2b64ce055cbd39f729e",
                "sha256:f7d84f321674c2f0f31887ee6d5755c54ca1ea5e144d6d54b3bbf566dd9ea0cc"
            ],
            "index": "pypi",
            "version": "==1.3.3"
        },
        "pillow": {
            "hashes": [
                "sha256:03b27b197deb4ee400ed57d8d4e572d2d8d80f825b6634daf6e2c18c3c6ccfa6",
                "sha256:0b281fcadbb688607ea6ece7649c5d59d4bbd574e90db6cd030e9e85bde9fecc",
                "sha256:0ebd8b9137630a7bbbff8c4b31e774ff05bbb90f7911d93ea2c9371e41039b52",
                "sha256:113723312215b25c22df1fdf0e2da7a3b9c357a7d24a93ebbe80bfda4f37a8d4",
                "sha256:2d16b6196fb7a54aff6b5e3ecd00f7c0bab1b56eee39214b2b223a9d938c50af",
                "sha256:2fd8053e1f8ff1844419842fd474fc359676b2e2a2b66b11cc59f4fa0a301315",
                "sha256:31b265496e603985fad54d52d11970383e317d11e18e856971bdbb86af7242a4",
                "sha256:3586e12d874ce2f1bc875a3ffba98732ebb12e18fb6d97be482bd62b56803281",
                "sha256:47f5cf60bcb9fbc46011f75c9b45a8b5ad077ca352a78185bd3e7f1d294b98bb",
                "sha256:490e52e99224858f154975db61c060686df8a6b3f0212a678e5d2e2ce24675c9",
                "sha256:500d397ddf4bbf2ca42e198399ac13e7841956c72645513e8ddf243b31ad2128",
                "sha256:52abae4c96b5da630a8b4247de5428f593465291e5b239f3f843a911a3cf0105",
                "sha256:6579f9ba84a3d4f1807c4aab4be06f373017fc65fff43498885ac50a9b47a553",
                "sha256:68e06f8b2248f6dc8b899c3e7ecf02c9f413aab622f4d6190df53a78b93d97a5",
                "sha256:6c5439bfb35a89cac50e81c751317faea647b9a3ec11c039900cd6915831064d",
                "sha256:72c3110228944019e5f27232296c5923398496b28be42535e3b2dc7297b6e8b6",
                "sha256:72f649d93d4cc4d8cf79c91ebc25137c358718ad75f99e99e043325ea7d56100",
                "sha256:7aaf07085c756f6cb1c692ee0d5a86c531703b6e8c9cae581b31b562c16b98ce",
                "sha256:80fe92813d208ce8aa7d76da878bdc84b90809f79ccbad2a288e9bcbeac1d9bd",
                "sha256:95545137fc56ce8c10de646074d242001a112a92de169986abd8c88c27566a05",
                "sha256:97b6d21771da41497b81652d44191489296555b761684f82b7b544c49989110f",
                "sha256:98cb63ca63cb61f594511c06218ab4394bf80388b3d66cd61d0b1f63ee0ea69f",
                "sha256:9f3b4522148586d35e78313db4db0df4b759ddd7649ef70002b6c3767d0fdeb7",
                "sha256:a09a9d4ec2b7887f7a088bbaacfd5c07160e746e3d47ec5e8050ae3b2a229e9f",
                "sha256:b5050d681bcf5c9f2570b93bee5d3ec8ae4cf23158812f91ed57f7126df91762",
                "sha256:bb47a548cea95b86494a26c89d153fd31122ed65255db5dcbc421a2d28eb3379",
                "sha256:bc462d24500ba707e9cbdef436c16e5c8cbf29908278af053008d9f689f56dee",
                "sha256:c2067b3bb0781f14059b112c9da5a91c80a600a97915b4f48b37f197895dd925",
                "sha256:d154ed971a4cc04b93a6d5b47f37948d1f621f25de3e8fa0c26b2d44f24e3e8f",
                "sha256:d5dcea1387331c905405b09cdbfb34611050cc52c865d71f2362f354faee1e9f",
                "sha256:ee6e2963e92762923956fe5d3479b1fdc3b76c83f290aad131a2f98c3df0593e",
                "sha256:fd0e5062f11cb3e730450a7d9f323f4051b532781026395c4323b8ad055523c4"
            ],
            "index": "pypi",
            "version": "==9.0.0"
        },
        "protobuf": {
            "hashes": [
                "sha256:1291a0a7db7d792745c99d4657b4c5c4942695c8b1ac1bfb993a34035ec123f7",
                "sha256:18c40a1b8721026a85187640f1786d52407dc9c1ba8ec38accb57a46e84015f6",
                "sha256:1cb2ed66aac593adbf6dca4f07cd7ee7e2958b17bbc85b2cc8bc564ebeb258ec",
                "sha256:2acd7ca329be544d1a603d5f13a4e34a3791c90d651ebaf130ba2e43ae5397c6",
                "sha256:2cddcbcc222f3144765ccccdb35d3621dc1544da57a9aca7e1944c1a4fe3db11",
                "sha256:397d82f1c58b76445469c8c06b8dee1ff67b3053639d054f52599a458fac9bc6",
                "sha256:3bf3a07d17ba3511fe5fa916afb7351f482ab5dbab5afe71a7a384274a2cd550",
                "sha256:3f80a3491eaca767cdd86cb8660dc778f634b44abdb0dffc9b2a8e8d0cd617d0",
                "sha256:49677e5e9c7ea1245a90c2e8a00d304598f22ea3aa0628f0e0a530a9e70665fa",
                "sha256:544fe9705189b249380fae07952d220c97f5c6c9372a6f936cc83a79601dcb70",
                "sha256:6202df8ee8457cb00810c6e76ced480f22a1e4e02c899a14e7b6e6e1de09f938",
                "sha256:84bf3aa3efb00dbe1c7ed55da0f20800b0662541e582d7e62b3e1464d61ed365",
                "sha256:898bda9cd37ec0c781b598891e86435de80c3bfa53eb483a9dac5a11ec93e942",
                "sha256:8ad761ef3be34c8bdc7285bec4b40372a8dad9e70cfbdc1793cd3cf4c1a4ce74",
                "sha256:8ceaf5fdb72c8e1fcb7be9f2b3b07482ce058a3548180c0bdd5c7e4ac5e14165",
                "sha256:a9401d96552befcc7311f5ef8f0fa7dba0ef5fd805466b158b141606cd0ab6a8",
                "sha256:af7238849fa79285d448a24db686517570099739527a03c9c2971cce99cc5ae2",
                "sha256:afa8122de8064fd577f49ae9eef433561c8ace97a0a7b969d56e8b1d39b5d177",
                "sha256:b53519b2ebec70cfe24b4ddda21e9843f0918d7c3627a785393fb35d402ab8ad",
                "sha256:c781402ed5396ab56358d7b866d78c03a77cbc26ba0598d8bb0ac32084b1a257",
                "sha256:d975a6314fbf5c524d4981e24294739216b5fb81ef3c14b86fb4b045d6690907",
                "sha256:df2ba379ee42427e8fcc6a0a76843bff6efb34ef5266b17f95043939b5e25b69",
                "sha256:e54b8650e849ee8e95e481024bff92cf98f5ec61c7650cb838d928a140adcb63",
                "sha256:e765e6dfbbb02c55e4d6d1145743401a84fc0b508f5a81b2c5a738cf86353139",
                "sha256:ef02d112c025e83db5d1188a847e358beab3e4bbfbbaf10eaf69e67359af51b2",
                "sha256:f6d4b5b7595a57e69eb7314c67bef4a3c745b4caf91accaf72913d8e0635111b"
            ],
            "markers": "python_version >= '3.5'",
            "version": "==3.19.3"
        },
        "pyasn1": {
            "hashes": [
                "sha256:014c0e9976956a08139dc0712ae195324a75e142284d5f87f1a87ee1b068a359",
                "sha256:03840c999ba71680a131cfaee6fab142e1ed9bbd9c693e285cc6aca0d555e576",
                "sha256:0458773cfe65b153891ac249bcf1b5f8f320b7c2ce462151f8fa74de8934becf",
                "sha256:08c3c53b75eaa48d71cf8c710312316392ed40899cb34710d092e96745a358b7",
                "sha256:39c7e2ec30515947ff4e87fb6f456dfc6e84857d34be479c9d4a4ba4bf46aa5d",
                "sha256:5c9414dcfede6e441f7e8f81b43b34e834731003427e5b09e4e00e3172a10f00",
                "sha256:6e7545f1a61025a4e58bb336952c5061697da694db1cae97b116e9c46abcf7c8",
                "sha256:78fa6da68ed2727915c4767bb386ab32cdba863caa7dbe473eaae45f9959da86",
                "sha256:7ab8a544af125fb704feadb008c99a88805126fb525280b2270bb25cc1d78a12",
                "sha256:99fcc3c8d804d1bc6d9a099921e39d827026409a58f2a720dcdb89374ea0c776",
                "sha256:aef77c9fb94a3ac588e87841208bdec464471d9871bd5050a287cc9a475cd0ba",
                "sha256:e89bf84b5437b532b0803ba5c9a5e054d21fec423a89952a74f87fa2c9b7bce2",
                "sha256:fec3e9d8e36808a28efb59b489e4528c10ad0f480e57dcc32b4de5c9d8c9fdf3"
            ],
            "version": "==0.4.8"
        },
        "pyasn1-modules": {
            "hashes": [
                "sha256:0845a5582f6a02bb3e1bde9ecfc4bfcae6ec3210dd270522fee602365430c3f8",
                "sha256:0fe1b68d1e486a1ed5473f1302bd991c1611d319bba158e98b106ff86e1d7199",
                "sha256:15b7c67fabc7fc240d87fb9aabf999cf82311a6d6fb2c70d00d3d0604878c811",
                "sha256:426edb7a5e8879f1ec54a1864f16b882c2837bfd06eee62f2c982315ee2473ed",
                "sha256:65cebbaffc913f4fe9e4808735c95ea22d7a7775646ab690518c056784bc21b4",
                "sha256:905f84c712230b2c592c19470d3ca8d552de726050d1d1716282a1f6146be65e",
                "sha256:a50b808ffeb97cb3601dd25981f6b016cbb3d31fbf57a8b8a87428e6158d0c74",
                "sha256:a99324196732f53093a84c4369c996713eb8c89d360a496b599fb1a9c47fc3eb",
                "sha256:b80486a6c77252ea3a3e9b1e360bc9cf28eaac41263d173c032581ad2f20fe45",
                "sha256:c29a5e5cc7a3f05926aff34e097e84f8589cd790ce0ed41b67aed6857b26aafd",
                "sha256:cbac4bc38d117f2a49aeedec4407d23e8866ea4ac27ff2cf7fb3e5b570df19e0",
                "sha256:f39edd8c4ecaa4556e989147ebf219227e2cd2e8a43c7e7fcb1f1c18c5fd6a3d",
                "sha256:fe0644d9ab041506b62782e92b06b8c68cca799e1a9636ec398675459e031405"
            ],
            "version": "==0.2.8"
        },
        "pyparsing": {
            "hashes": [
                "sha256:04ff808a5b90911829c55c4e26f75fa5ca8a2f5f36aa3a51f68e27033341d3e4",
                "sha256:d9bdec0013ef1eb5a84ab39a3b3868911598afa494f5faa038647101504e2b81"
            ],
            "markers": "python_version >= '3.6'",
            "version": "==3.0.6"
        },
        "python-dateutil": {
            "hashes": [
                "sha256:0123cacc1627ae19ddf3c27a5de5bd67ee4586fbdd6440d9748f8abb483d3e86",
                "sha256:961d03dc3453ebbc59dbdea9e4e11c5651520a876d0f4db161e8674aae935da9"
            ],
            "markers": "python_version >= '2.7' and python_version not in '3.0, 3.1, 3.2, 3.3'",
            "version": "==2.8.2"
        },
        "python-slugify": {
            "hashes": [
                "sha256:6d8c5df75cd4a7c3a2d21e257633de53f52ab0265cd2d1dc62a730e8194a7380",
                "sha256:f13383a0b9fcbe649a1892b9c8eb4f8eab1d6d84b84bb7a624317afa98159cab"
            ],
            "markers": "python_version >= '3.6'",
            "version": "==5.0.2"
        },
        "pytz": {
            "hashes": [
                "sha256:3672058bc3453457b622aab7a1c3bfd5ab0bdae451512f6cf25f64ed37f5b87c",
                "sha256:acad2d8b20a1af07d4e4c9d2e9285c5ed9104354062f275f3fcd88dcef4f1326"
            ],
            "version": "==2021.3"
        },
        "requests": {
            "hashes": [
                "sha256:68d7c56fd5a8999887728ef304a6d12edc7be74f1cfa47714fc8b414525c9a61",
                "sha256:f22fa1e554c9ddfd16e6e41ac79759e17be9e492b3587efa038054674760e72d"
            ],
            "markers": "python_version >= '2.7' and python_version not in '3.0, 3.1, 3.2, 3.3, 3.4, 3.5'",
            "version": "==2.27.1"
        },
        "requests-oauthlib": {
            "hashes": [
                "sha256:7f71572defaecd16372f9006f33c2ec8c077c3cfa6f5911a9a90202beb513f3d",
                "sha256:b4261601a71fd721a8bd6d7aa1cc1d6a8a93b4a9f5e96626f8e4d91e8beeaa6a",
                "sha256:fa6c47b933f01060936d87ae9327fead68768b69c6c9ea2109c48be30f2d4dbc"
            ],
            "version": "==1.3.0"
        },
        "rsa": {
            "hashes": [
                "sha256:5c6bd9dc7a543b7fe4304a631f8a8a3b674e2bbfc49c2ae96200cdbe55df6b17",
                "sha256:95c5d300c4e879ee69708c428ba566c59478fd653cc3a22243eeb8ed846950bb"
            ],
            "markers": "python_version >= '3.6'",
            "version": "==4.8"
        },
        "setuptools": {
            "hashes": [
                "sha256:2404879cda71495fc4d5cbc445ed52fdaddf352b36e40be8dcc63147cb4edabe",
                "sha256:68eb94073fc486091447fcb0501efd6560a0e5a1839ba249e5ff3c4c93f05f90"
            ],
            "markers": "python_version >= '3.7'",
            "version": "==60.5.0"
        },
        "six": {
            "hashes": [
                "sha256:30639c035cdb23534cd4aa2dd52c3bf48f06e5f4a941509c8bafd8ce11080259",
                "sha256:8b74bedcbbbaca38ff6d7491d76f2b06b3592611af620f8426e82dddb04a5ced"
            ],
            "markers": "python_version >= '2.7' and python_version not in '3.0, 3.1, 3.2, 3.3'",
            "version": "==1.15.0"
        },
        "tensorboard": {
            "hashes": [
                "sha256:239f78a4a8dff200ce585a030c787773a8c1184d5c159252f5f85bac4e3c3b38"
            ],
            "markers": "python_version >= '3.6'",
            "version": "==2.7.0"
        },
        "tensorboard-data-server": {
            "hashes": [
                "sha256:809fe9887682d35c1f7d1f54f0f40f98bb1f771b14265b453ca051e2ce58fca7",
                "sha256:d8237580755e58eff68d1f3abefb5b1e39ae5c8b127cc40920f9c4fb33f4b98a",
                "sha256:fa8cef9be4fcae2f2363c88176638baf2da19c5ec90addb49b1cde05c95c88ee"
            ],
            "markers": "python_version >= '3.6'",
            "version": "==0.6.1"
        },
        "tensorboard-plugin-wit": {
            "hashes": [
                "sha256:ff26bdd583d155aa951ee3b152b3d0cffae8005dc697f72b44a8e8c2a77a8cbe"
            ],
            "version": "==1.8.1"
        },
        "tensorflow": {
            "hashes": [
                "sha256:27ebfeedbdf275d92f544ccd1fdba65b266c2c42b0551bbe769f506e8e17a878",
                "sha256:2cb8e993f40474e63bb9c878dc2ebc9b9ae8d92e3d6b9a62275b9a0a57c355da",
                "sha256:47a91e2ede99ee6e94bab1367ba442e5ff39e761e63bd30ae0634c56aa90663d",
                "sha256:6f2dfc34e1a180c975e64ade21a7c60a752c8f96ddddb36a605f2bd0a13aeda3",
                "sha256:7cbfdeb5122c1ea63653b01bb4ab4a457d0b8f14d00cdc888550e092e1142b8d",
                "sha256:839e6e7d49089ddc544591bd830f82f3e12137ecc4db5a4bd59ebf0b58cf52c0",
                "sha256:9b4f6e70b70de53b90458aefa93fa5cdba479ce9ae14ba09d70fa2fc28f3bd5b",
                "sha256:b47c987de5fb27f55184089e322e1180691170857a8bc9952f219fb0b13598d6",
                "sha256:c2f00e7c874660b1f02efc7c581e96d64da762eb6e784be697e215cdfdb26a20",
                "sha256:dd0036a6fdb78958dcab3bdc4b3df23d7b9ab80ca51c03f2a84b4d354bbf36a1",
                "sha256:e05a51a11a94714d875bd7c93e1d3b405edeb31e677dd3ec537bb1edf10719ff",
                "sha256:fa522c1061bcfbd4e16034d31e2b9740447447d6603adf8f17079c3036ed420c"
            ],
            "index": "pypi",
            "version": "==2.6.1"
        },
        "tensorflow-estimator": {
            "hashes": [
                "sha256:cf78528998efdb637ac0abaf525c929bf192767544eb24ae20d9266effcf5afd"
            ],
            "version": "==2.6.0"
        },
        "termcolor": {
            "hashes": [
                "sha256:1d6d69ce66211143803fbc56652b41d73b4a400a2891d7bf7a1cdf4c02de613b"
            ],
            "version": "==1.1.0"
        },
        "text-unidecode": {
            "hashes": [
                "sha256:1311f10e8b895935241623731c2ba64f4c455287888b18189350b67134a822e8",
                "sha256:bad6603bb14d279193107714b288be206cac565dfa49aa5b105294dd5c4aab93"
            ],
            "version": "==1.3"
        },
        "tqdm": {
            "hashes": [
                "sha256:8dd278a422499cd6b727e6ae4061c40b48fce8b76d1ccbf5d34fca9b7f925b0c",
                "sha256:d359de7217506c9851b7869f3708d8ee53ed70a1b8edbba4dbcb47442592920d"
            ],
            "markers": "python_version >= '2.7' and python_version not in '3.0, 3.1, 3.2, 3.3'",
            "version": "==4.62.3"
        },
        "typing-extensions": {
            "hashes": [
                "sha256:7cb407020f00f7bfc3cb3e7881628838e69d8f3fcab2f64742a5e76b2f841918",
                "sha256:99d4073b617d30288f569d3f13d2bd7548c3a7e4c8de87db09a9d29bb3a4a60c",
                "sha256:dafc7639cde7f1b6e1acc0f457842a83e722ccca8eef5270af2d74792619a89f"
            ],
            "version": "==3.7.4.3"
        },
        "urllib3": {
            "hashes": [
                "sha256:000ca7f471a233c2251c6c7023ee85305721bfdf18621ebff4fd17a8653427ed",
                "sha256:0e7c33d9a63e7ddfcb86780aac87befc2fbddf46c58dbb487e0855f7ceec283c"
            ],
            "markers": "python_version >= '2.7' and python_version not in '3.0, 3.1, 3.2, 3.3, 3.4' and python_version < '4'",
            "version": "==1.26.8"
        },
        "werkzeug": {
            "hashes": [
                "sha256:63d3dc1cf60e7b7e35e97fa9861f7397283b75d765afcaefd993d6046899de8f",
                "sha256:aa2bb6fc8dee8d6c504c0ac1e7f5f7dc5810a9903e793b6f715a9f015bdadb9a"
            ],
            "markers": "python_version >= '3.6'",
            "version": "==2.0.2"
        },
        "wheel": {
            "hashes": [
                "sha256:4bdcd7d840138086126cd09254dc6195fb4fc6f01c050a1d7236f2630db1d22a",
                "sha256:e9a504e793efbca1b8e0e9cb979a249cf4a0a7b5b8c9e8b65a5e39d49529c1c4"
            ],
            "markers": "python_version >= '2.7' and python_version not in '3.0, 3.1, 3.2, 3.3, 3.4'",
            "version": "==0.37.1"
        },
        "wrapt": {
            "hashes": [
                "sha256:b62ffa81fb85f4332a4f609cab4ac40709470da05643a082ec1eb88e6d9b97d7"
            ],
            "version": "==1.12.1"
        },
        "zipp": {
            "hashes": [
                "sha256:9f50f446828eb9d45b267433fd3e9da8d801f614129124863f9c51ebceafb87d",
                "sha256:b47250dd24f92b7dd6a0a8fc5244da14608f3ca90a5efcd37a3b1642fac9a375"
            ],
            "markers": "python_version >= '3.7'",
            "version": "==3.7.0"
        }
    },
    "develop": {}
}
